PODS:
  - JustRideSDK (0.4.3)
  - NavitiaSDKUI (1.2.1):
    - JustRideSDK (= 0.4.3)

DEPENDENCIES:
  - NavitiaSDKUI (from `../`)

EXTERNAL SOURCES:
  NavitiaSDKUI:
    :path: ../

SPEC CHECKSUMS:
  JustRideSDK: 49fdf18ac965d06d07a289bac6a6a0ed0a394f7d
  NavitiaSDKUI: 19f1091f9fd274fed050b3fc8aa3951d4146b327

PODFILE CHECKSUM: c0c5f2dc5ad3848e940d9fb0e2bc922541400aa2

COCOAPODS: 1.4.0
