PODS:
  - JustRideSDK (0.3.8)
  - NavitiaSDKUI (1.2.1):
    - JustRideSDK (= 0.3.8)

DEPENDENCIES:
  - NavitiaSDKUI (from `../`)

EXTERNAL SOURCES:
  NavitiaSDKUI:
    :path: ../

SPEC CHECKSUMS:
  JustRideSDK: 46c13168d9f6e649cb66dd446c1a6f1154ac1e10
  NavitiaSDKUI: 50b001da63c786bd5c380f316f3a683a02fdf513

PODFILE CHECKSUM: c0c5f2dc5ad3848e940d9fb0e2bc922541400aa2

COCOAPODS: 1.4.0
