PODS:
  - JustRideSDK (0.4.4)
  - NavitiaSDKUI (1.2.1):
    - JustRideSDK (= 0.4.4)

DEPENDENCIES:
  - NavitiaSDKUI (from `../`)

EXTERNAL SOURCES:
  NavitiaSDKUI:
    :path: ../

SPEC CHECKSUMS:
  JustRideSDK: 67963d9a51a1bb67f312bc9f9f0ecb1b41730133
  NavitiaSDKUI: 4887413bf7013f31389969a3ffb85bca909bae0d

PODFILE CHECKSUM: c0c5f2dc5ad3848e940d9fb0e2bc922541400aa2

COCOAPODS: 1.4.0
