{
  "requires": true,
  "lockfileVersion": 1,
  "dependencies": {
    "shelljs": {
      "version": "0.2.6",
      "resolved": "https://registry.npmjs.org/shelljs/-/shelljs-0.2.6.tgz",
      "integrity": "sha1-kEktcv/MgVmXa6umL7D2iE8MM3g="
    },
    "simctl": {
      "version": "1.1.1",
      "resolved": "https://registry.npmjs.org/simctl/-/simctl-1.1.1.tgz",
      "integrity": "sha512-yY1WQMq/pneY5jQb2+lFp45qEtcz4yKBu1NOPo2OFDVCkwSkQhpkoaAaO1fWhq4IU0+8TQ2r1PMGSTedP0A/Og==",
      "requires": {
        "shelljs": "0.2.6",
        "tail": "0.4.0"
      }
    },
    "tail": {
      "version": "0.4.0",
      "resolved": "https://registry.npmjs.org/tail/-/tail-0.4.0.tgz",
      "integrity": "sha1-0p3nJ1DMmdseBTr/E8NZ7PtxMAI="
    }
  }
}
