// !$*UTF8*$!
{
	archiveVersion = 1;
	classes = {
	};
	objectVersion = 50;
	objects = {

/* Begin PBXBuildFile section */
		74BB9E7091EEE11538CAA182 /* Pods_NavitiaSDKUI_Example.framework in Frameworks */ = {isa = PBXBuildFile; fileRef = 7D02B2FF90D19A6F9514AE5F /* Pods_NavitiaSDKUI_Example.framework */; };
		F611214C22B3E80100E2A5B8 /* AppDelegate.swift in Sources */ = {isa = PBXBuildFile; fileRef = F611214B22B3E80100E2A5B8 /* AppDelegate.swift */; };
		F611215122B3E80100E2A5B8 /* Main.storyboard in Resources */ = {isa = PBXBuildFile; fileRef = F611214F22B3E80100E2A5B8 /* Main.storyboard */; };
		F611215322B3E80300E2A5B8 /* Assets.xcassets in Resources */ = {isa = PBXBuildFile; fileRef = F611215222B3E80300E2A5B8 /* Assets.xcassets */; };
		F611215622B3E80300E2A5B8 /* LaunchScreen.storyboard in Resources */ = {isa = PBXBuildFile; fileRef = F611215422B3E80300E2A5B8 /* LaunchScreen.storyboard */; };
		F611215F22B3E89400E2A5B8 /* CoverageViewController.swift in Sources */ = {isa = PBXBuildFile; fileRef = F611215D22B3E89400E2A5B8 /* CoverageViewController.swift */; };
		F611216022B3E89400E2A5B8 /* ConfigurationViewController.swift in Sources */ = {isa = PBXBuildFile; fileRef = F611215E22B3E89400E2A5B8 /* ConfigurationViewController.swift */; };
/* End PBXBuildFile section */

/* Begin PBXFileReference section */
		56C6EA544DA617C76AFF2C33 /* Pods-NavitiaSDKUI-Example.debug.xcconfig */ = {isa = PBXFileReference; includeInIndex = 1; lastKnownFileType = text.xcconfig; name = "Pods-NavitiaSDKUI-Example.debug.xcconfig"; path = "Target Support Files/Pods-NavitiaSDKUI-Example/Pods-NavitiaSDKUI-Example.debug.xcconfig"; sourceTree = "<group>"; };
		69E77C0828B8940A63D87F6B /* Pods-NavitiaSDKUI-Example.release.xcconfig */ = {isa = PBXFileReference; includeInIndex = 1; lastKnownFileType = text.xcconfig; name = "Pods-NavitiaSDKUI-Example.release.xcconfig"; path = "Target Support Files/Pods-NavitiaSDKUI-Example/Pods-NavitiaSDKUI-Example.release.xcconfig"; sourceTree = "<group>"; };
		7D02B2FF90D19A6F9514AE5F /* Pods_NavitiaSDKUI_Example.framework */ = {isa = PBXFileReference; explicitFileType = wrapper.framework; includeInIndex = 0; path = Pods_NavitiaSDKUI_Example.framework; sourceTree = BUILT_PRODUCTS_DIR; };
		F611214822B3E80100E2A5B8 /* NavitiaSDKUI-Example.app */ = {isa = PBXFileReference; explicitFileType = wrapper.application; includeInIndex = 0; path = "NavitiaSDKUI-Example.app"; sourceTree = BUILT_PRODUCTS_DIR; };
		F611214B22B3E80100E2A5B8 /* AppDelegate.swift */ = {isa = PBXFileReference; lastKnownFileType = sourcecode.swift; path = AppDelegate.swift; sourceTree = "<group>"; };
		F611215022B3E80100E2A5B8 /* Base */ = {isa = PBXFileReference; lastKnownFileType = file.storyboard; name = Base; path = Base.lproj/Main.storyboard; sourceTree = "<group>"; };
		F611215222B3E80300E2A5B8 /* Assets.xcassets */ = {isa = PBXFileReference; lastKnownFileType = folder.assetcatalog; path = Assets.xcassets; sourceTree = "<group>"; };
		F611215522B3E80300E2A5B8 /* Base */ = {isa = PBXFileReference; lastKnownFileType = file.storyboard; name = Base; path = Base.lproj/LaunchScreen.storyboard; sourceTree = "<group>"; };
		F611215722B3E80300E2A5B8 /* Info.plist */ = {isa = PBXFileReference; lastKnownFileType = text.plist.xml; path = Info.plist; sourceTree = "<group>"; };
		F611215D22B3E89400E2A5B8 /* CoverageViewController.swift */ = {isa = PBXFileReference; fileEncoding = 4; lastKnownFileType = sourcecode.swift; path = CoverageViewController.swift; sourceTree = "<group>"; };
		F611215E22B3E89400E2A5B8 /* ConfigurationViewController.swift */ = {isa = PBXFileReference; fileEncoding = 4; lastKnownFileType = sourcecode.swift; path = ConfigurationViewController.swift; sourceTree = "<group>"; };
/* End PBXFileReference section */

/* Begin PBXFrameworksBuildPhase section */
		F611214522B3E80100E2A5B8 /* Frameworks */ = {
			isa = PBXFrameworksBuildPhase;
			buildActionMask = 2147483647;
			files = (
				74BB9E7091EEE11538CAA182 /* Pods_NavitiaSDKUI_Example.framework in Frameworks */,
			);
			runOnlyForDeploymentPostprocessing = 0;
		};
/* End PBXFrameworksBuildPhase section */

/* Begin PBXGroup section */
		0105D2EFA27801EAAB04F050 /* Frameworks */ = {
			isa = PBXGroup;
			children = (
				7D02B2FF90D19A6F9514AE5F /* Pods_NavitiaSDKUI_Example.framework */,
			);
			name = Frameworks;
			sourceTree = "<group>";
		};
		E6786914CED27DE07E31CFF0 /* Pods */ = {
			isa = PBXGroup;
			children = (
				56C6EA544DA617C76AFF2C33 /* Pods-NavitiaSDKUI-Example.debug.xcconfig */,
				69E77C0828B8940A63D87F6B /* Pods-NavitiaSDKUI-Example.release.xcconfig */,
			);
			path = Pods;
			sourceTree = "<group>";
		};
		F611213F22B3E80100E2A5B8 = {
			isa = PBXGroup;
			children = (
				F611214A22B3E80100E2A5B8 /* NavitiaSDKUI-Example */,
				F611214922B3E80100E2A5B8 /* Products */,
				E6786914CED27DE07E31CFF0 /* Pods */,
				0105D2EFA27801EAAB04F050 /* Frameworks */,
			);
			sourceTree = "<group>";
		};
		F611214922B3E80100E2A5B8 /* Products */ = {
			isa = PBXGroup;
			children = (
				F611214822B3E80100E2A5B8 /* NavitiaSDKUI-Example.app */,
			);
			name = Products;
			sourceTree = "<group>";
		};
		F611214A22B3E80100E2A5B8 /* NavitiaSDKUI-Example */ = {
			isa = PBXGroup;
			children = (
				F611215E22B3E89400E2A5B8 /* ConfigurationViewController.swift */,
				F611215D22B3E89400E2A5B8 /* CoverageViewController.swift */,
				F611214B22B3E80100E2A5B8 /* AppDelegate.swift */,
				F611214F22B3E80100E2A5B8 /* Main.storyboard */,
				F611215222B3E80300E2A5B8 /* Assets.xcassets */,
				F611215422B3E80300E2A5B8 /* LaunchScreen.storyboard */,
				F611215722B3E80300E2A5B8 /* Info.plist */,
			);
			path = "NavitiaSDKUI-Example";
			sourceTree = "<group>";
		};
/* End PBXGroup section */

/* Begin PBXNativeTarget section */
		F611214722B3E80100E2A5B8 /* NavitiaSDKUI-Example */ = {
			isa = PBXNativeTarget;
			buildConfigurationList = F611215A22B3E80300E2A5B8 /* Build configuration list for PBXNativeTarget "NavitiaSDKUI-Example" */;
			buildPhases = (
				897B2AFDCC3C85F10F3F55CD /* [CP] Check Pods Manifest.lock */,
				F611214422B3E80100E2A5B8 /* Sources */,
				F611214522B3E80100E2A5B8 /* Frameworks */,
				F611214622B3E80100E2A5B8 /* Resources */,
				535AFEE0F02DB8DACA43C7B3 /* [CP] Embed Pods Frameworks */,
			);
			buildRules = (
			);
			dependencies = (
			);
			name = "NavitiaSDKUI-Example";
			productName = "NavitiaSDKUI-Example";
			productReference = F611214822B3E80100E2A5B8 /* NavitiaSDKUI-Example.app */;
			productType = "com.apple.product-type.application";
		};
/* End PBXNativeTarget section */

/* Begin PBXProject section */
		F611214022B3E80100E2A5B8 /* Project object */ = {
			isa = PBXProject;
			attributes = {
				LastSwiftUpdateCheck = 1020;
				LastUpgradeCheck = 1020;
				ORGANIZATIONNAME = Kisio;
				TargetAttributes = {
					F611214722B3E80100E2A5B8 = {
						CreatedOnToolsVersion = 10.2.1;
					};
				};
			};
			buildConfigurationList = F611214322B3E80100E2A5B8 /* Build configuration list for PBXProject "NavitiaSDKUI-Example" */;
			compatibilityVersion = "Xcode 9.3";
			developmentRegion = en;
			hasScannedForEncodings = 0;
			knownRegions = (
				en,
				Base,
				fr,
			);
			mainGroup = F611213F22B3E80100E2A5B8;
			productRefGroup = F611214922B3E80100E2A5B8 /* Products */;
			projectDirPath = "";
			projectRoot = "";
			targets = (
				F611214722B3E80100E2A5B8 /* NavitiaSDKUI-Example */,
			);
		};
/* End PBXProject section */

/* Begin PBXResourcesBuildPhase section */
		F611214622B3E80100E2A5B8 /* Resources */ = {
			isa = PBXResourcesBuildPhase;
			buildActionMask = 2147483647;
			files = (
				F611215622B3E80300E2A5B8 /* LaunchScreen.storyboard in Resources */,
				F611215322B3E80300E2A5B8 /* Assets.xcassets in Resources */,
				F611215122B3E80100E2A5B8 /* Main.storyboard in Resources */,
			);
			runOnlyForDeploymentPostprocessing = 0;
		};
/* End PBXResourcesBuildPhase section */

/* Begin PBXShellScriptBuildPhase section */
		535AFEE0F02DB8DACA43C7B3 /* [CP] Embed Pods Frameworks */ = {
			isa = PBXShellScriptBuildPhase;
			buildActionMask = 2147483647;
			files = (
			);
			inputFileListPaths = (
				"${PODS_ROOT}/Target Support Files/Pods-NavitiaSDKUI-Example/Pods-NavitiaSDKUI-Example-frameworks-${CONFIGURATION}-input-files.xcfilelist",
			);
			name = "[CP] Embed Pods Frameworks";
			outputFileListPaths = (
				"${PODS_ROOT}/Target Support Files/Pods-NavitiaSDKUI-Example/Pods-NavitiaSDKUI-Example-frameworks-${CONFIGURATION}-output-files.xcfilelist",
			);
			runOnlyForDeploymentPostprocessing = 0;
			shellPath = /bin/sh;
			shellScript = "\"${PODS_ROOT}/Target Support Files/Pods-NavitiaSDKUI-Example/Pods-NavitiaSDKUI-Example-frameworks.sh\"\n";
			showEnvVarsInLog = 0;
		};
		897B2AFDCC3C85F10F3F55CD /* [CP] Check Pods Manifest.lock */ = {
			isa = PBXShellScriptBuildPhase;
			buildActionMask = 2147483647;
			files = (
			);
			inputFileListPaths = (
			);
			inputPaths = (
				"${PODS_PODFILE_DIR_PATH}/Podfile.lock",
				"${PODS_ROOT}/Manifest.lock",
			);
			name = "[CP] Check Pods Manifest.lock";
			outputFileListPaths = (
			);
			outputPaths = (
				"$(DERIVED_FILE_DIR)/Pods-NavitiaSDKUI-Example-checkManifestLockResult.txt",
			);
			runOnlyForDeploymentPostprocessing = 0;
			shellPath = /bin/sh;
			shellScript = "diff \"${PODS_PODFILE_DIR_PATH}/Podfile.lock\" \"${PODS_ROOT}/Manifest.lock\" > /dev/null\nif [ $? != 0 ] ; then\n    # print error to STDERR\n    echo \"error: The sandbox is not in sync with the Podfile.lock. Run 'pod install' or update your CocoaPods installation.\" >&2\n    exit 1\nfi\n# This output is used by Xcode 'outputs' to avoid re-running this script phase.\necho \"SUCCESS\" > \"${SCRIPT_OUTPUT_FILE_0}\"\n";
			showEnvVarsInLog = 0;
		};
/* End PBXShellScriptBuildPhase section */

/* Begin PBXSourcesBuildPhase section */
		F611214422B3E80100E2A5B8 /* Sources */ = {
			isa = PBXSourcesBuildPhase;
			buildActionMask = 2147483647;
			files = (
				F611215F22B3E89400E2A5B8 /* CoverageViewController.swift in Sources */,
				F611214C22B3E80100E2A5B8 /* AppDelegate.swift in Sources */,
				F611216022B3E89400E2A5B8 /* ConfigurationViewController.swift in Sources */,
			);
			runOnlyForDeploymentPostprocessing = 0;
		};
/* End PBXSourcesBuildPhase section */

/* Begin PBXVariantGroup section */
		F611214F22B3E80100E2A5B8 /* Main.storyboard */ = {
			isa = PBXVariantGroup;
			children = (
				F611215022B3E80100E2A5B8 /* Base */,
			);
			name = Main.storyboard;
			sourceTree = "<group>";
		};
		F611215422B3E80300E2A5B8 /* LaunchScreen.storyboard */ = {
			isa = PBXVariantGroup;
			children = (
				F611215522B3E80300E2A5B8 /* Base */,
			);
			name = LaunchScreen.storyboard;
			sourceTree = "<group>";
		};
/* End PBXVariantGroup section */

/* Begin XCBuildConfiguration section */
		F611215822B3E80300E2A5B8 /* Debug */ = {
			isa = XCBuildConfiguration;
			buildSettings = {
				ALWAYS_SEARCH_USER_PATHS = NO;
				CLANG_ANALYZER_LOCALIZABILITY_NONLOCALIZED = YES;
				CLANG_ANALYZER_NONNULL = YES;
				CLANG_ANALYZER_NUMBER_OBJECT_CONVERSION = YES_AGGRESSIVE;
				CLANG_CXX_LANGUAGE_STANDARD = "gnu++14";
				CLANG_CXX_LIBRARY = "libc++";
				CLANG_ENABLE_MODULES = YES;
				CLANG_ENABLE_OBJC_ARC = YES;
				CLANG_ENABLE_OBJC_WEAK = YES;
				CLANG_WARN_BLOCK_CAPTURE_AUTORELEASING = YES;
				CLANG_WARN_BOOL_CONVERSION = YES;
				CLANG_WARN_COMMA = YES;
				CLANG_WARN_CONSTANT_CONVERSION = YES;
				CLANG_WARN_DEPRECATED_OBJC_IMPLEMENTATIONS = YES;
				CLANG_WARN_DIRECT_OBJC_ISA_USAGE = YES_ERROR;
				CLANG_WARN_DOCUMENTATION_COMMENTS = YES;
				CLANG_WARN_EMPTY_BODY = YES;
				CLANG_WARN_ENUM_CONVERSION = YES;
				CLANG_WARN_INFINITE_RECURSION = YES;
				CLANG_WARN_INT_CONVERSION = YES;
				CLANG_WARN_NON_LITERAL_NULL_CONVERSION = YES;
				CLANG_WARN_OBJC_IMPLICIT_RETAIN_SELF = YES;
				CLANG_WARN_OBJC_LITERAL_CONVERSION = YES;
				CLANG_WARN_OBJC_ROOT_CLASS = YES_ERROR;
				CLANG_WARN_RANGE_LOOP_ANALYSIS = YES;
				CLANG_WARN_STRICT_PROTOTYPES = YES;
				CLANG_WARN_SUSPICIOUS_MOVE = YES;
				CLANG_WARN_UNGUARDED_AVAILABILITY = YES_AGGRESSIVE;
				CLANG_WARN_UNREACHABLE_CODE = YES;
				CLANG_WARN__DUPLICATE_METHOD_MATCH = YES;
				CODE_SIGN_IDENTITY = "iPhone Developer";
				COPY_PHASE_STRIP = NO;
				DEBUG_INFORMATION_FORMAT = dwarf;
				ENABLE_STRICT_OBJC_MSGSEND = YES;
				ENABLE_TESTABILITY = YES;
				GCC_C_LANGUAGE_STANDARD = gnu11;
				GCC_DYNAMIC_NO_PIC = NO;
				GCC_NO_COMMON_BLOCKS = YES;
				GCC_OPTIMIZATION_LEVEL = 0;
				GCC_PREPROCESSOR_DEFINITIONS = (
					"DEBUG=1",
					"$(inherited)",
				);
				GCC_WARN_64_TO_32_BIT_CONVERSION = YES;
				GCC_WARN_ABOUT_RETURN_TYPE = YES_ERROR;
				GCC_WARN_UNDECLARED_SELECTOR = YES;
				GCC_WARN_UNINITIALIZED_AUTOS = YES_AGGRESSIVE;
				GCC_WARN_UNUSED_FUNCTION = YES;
				GCC_WARN_UNUSED_VARIABLE = YES;
				IPHONEOS_DEPLOYMENT_TARGET = 12.2;
				MTL_ENABLE_DEBUG_INFO = INCLUDE_SOURCE;
				MTL_FAST_MATH = YES;
				ONLY_ACTIVE_ARCH = YES;
				SDKROOT = iphoneos;
				SWIFT_ACTIVE_COMPILATION_CONDITIONS = DEBUG;
				SWIFT_OPTIMIZATION_LEVEL = "-Onone";
			};
			name = Debug;
		};
		F611215922B3E80300E2A5B8 /* Release */ = {
			isa = XCBuildConfiguration;
			buildSettings = {
				ALWAYS_SEARCH_USER_PATHS = NO;
				CLANG_ANALYZER_LOCALIZABILITY_NONLOCALIZED = YES;
				CLANG_ANALYZER_NONNULL = YES;
				CLANG_ANALYZER_NUMBER_OBJECT_CONVERSION = YES_AGGRESSIVE;
				CLANG_CXX_LANGUAGE_STANDARD = "gnu++14";
				CLANG_CXX_LIBRARY = "libc++";
				CLANG_ENABLE_MODULES = YES;
				CLANG_ENABLE_OBJC_ARC = YES;
				CLANG_ENABLE_OBJC_WEAK = YES;
				CLANG_WARN_BLOCK_CAPTURE_AUTORELEASING = YES;
				CLANG_WARN_BOOL_CONVERSION = YES;
				CLANG_WARN_COMMA = YES;
				CLANG_WARN_CONSTANT_CONVERSION = YES;
				CLANG_WARN_DEPRECATED_OBJC_IMPLEMENTATIONS = YES;
				CLANG_WARN_DIRECT_OBJC_ISA_USAGE = YES_ERROR;
				CLANG_WARN_DOCUMENTATION_COMMENTS = YES;
				CLANG_WARN_EMPTY_BODY = YES;
				CLANG_WARN_ENUM_CONVERSION = YES;
				CLANG_WARN_INFINITE_RECURSION = YES;
				CLANG_WARN_INT_CONVERSION = YES;
				CLANG_WARN_NON_LITERAL_NULL_CONVERSION = YES;
				CLANG_WARN_OBJC_IMPLICIT_RETAIN_SELF = YES;
				CLANG_WARN_OBJC_LITERAL_CONVERSION = YES;
				CLANG_WARN_OBJC_ROOT_CLASS = YES_ERROR;
				CLANG_WARN_RANGE_LOOP_ANALYSIS = YES;
				CLANG_WARN_STRICT_PROTOTYPES = YES;
				CLANG_WARN_SUSPICIOUS_MOVE = YES;
				CLANG_WARN_UNGUARDED_AVAILABILITY = YES_AGGRESSIVE;
				CLANG_WARN_UNREACHABLE_CODE = YES;
				CLANG_WARN__DUPLICATE_METHOD_MATCH = YES;
				CODE_SIGN_IDENTITY = "iPhone Developer";
				COPY_PHASE_STRIP = NO;
				DEBUG_INFORMATION_FORMAT = "dwarf-with-dsym";
				ENABLE_NS_ASSERTIONS = NO;
				ENABLE_STRICT_OBJC_MSGSEND = YES;
				GCC_C_LANGUAGE_STANDARD = gnu11;
				GCC_NO_COMMON_BLOCKS = YES;
				GCC_WARN_64_TO_32_BIT_CONVERSION = YES;
				GCC_WARN_ABOUT_RETURN_TYPE = YES_ERROR;
				GCC_WARN_UNDECLARED_SELECTOR = YES;
				GCC_WARN_UNINITIALIZED_AUTOS = YES_AGGRESSIVE;
				GCC_WARN_UNUSED_FUNCTION = YES;
				GCC_WARN_UNUSED_VARIABLE = YES;
				IPHONEOS_DEPLOYMENT_TARGET = 12.2;
				MTL_ENABLE_DEBUG_INFO = NO;
				MTL_FAST_MATH = YES;
				SDKROOT = iphoneos;
				SWIFT_COMPILATION_MODE = wholemodule;
				SWIFT_OPTIMIZATION_LEVEL = "-O";
				VALIDATE_PRODUCT = YES;
			};
			name = Release;
		};
		F611215B22B3E80300E2A5B8 /* Debug */ = {
			isa = XCBuildConfiguration;
			baseConfigurationReference = 56C6EA544DA617C76AFF2C33 /* Pods-NavitiaSDKUI-Example.debug.xcconfig */;
			buildSettings = {
				ASSETCATALOG_COMPILER_APPICON_NAME = AppIcon;
				CODE_SIGN_IDENTITY = "iPhone Developer";
				CODE_SIGN_STYLE = Automatic;
				DEVELOPMENT_TEAM = AK7DPF549M;
				INFOPLIST_FILE = "NavitiaSDKUI-Example/Info.plist";
				IPHONEOS_DEPLOYMENT_TARGET = 9.0;
				LD_RUNPATH_SEARCH_PATHS = (
					"$(inherited)",
					"@executable_path/Frameworks",
				);
				PRODUCT_BUNDLE_IDENTIFIER = com.kisio.navitia.ui.sample;
				PRODUCT_NAME = "$(TARGET_NAME)";
				PROVISIONING_PROFILE_SPECIFIER = "";
				SWIFT_VERSION = 5.0;
				TARGETED_DEVICE_FAMILY = "1,2";
			};
			name = Debug;
		};
		F611215C22B3E80300E2A5B8 /* Release */ = {
			isa = XCBuildConfiguration;
			baseConfigurationReference = 69E77C0828B8940A63D87F6B /* Pods-NavitiaSDKUI-Example.release.xcconfig */;
			buildSettings = {
				ASSETCATALOG_COMPILER_APPICON_NAME = AppIcon;
				CODE_SIGN_IDENTITY = "iPhone Developer";
				CODE_SIGN_STYLE = Automatic;
				DEVELOPMENT_TEAM = AK7DPF549M;
				INFOPLIST_FILE = "NavitiaSDKUI-Example/Info.plist";
				IPHONEOS_DEPLOYMENT_TARGET = 9.0;
				LD_RUNPATH_SEARCH_PATHS = (
					"$(inherited)",
					"@executable_path/Frameworks",
				);
				PRODUCT_BUNDLE_IDENTIFIER = com.kisio.navitia.ui.sample;
				PRODUCT_NAME = "$(TARGET_NAME)";
				PROVISIONING_PROFILE_SPECIFIER = "";
				SWIFT_VERSION = 5.0;
				TARGETED_DEVICE_FAMILY = "1,2";
			};
			name = Release;
		};
/* End XCBuildConfiguration section */

/* Begin XCConfigurationList section */
		F611214322B3E80100E2A5B8 /* Build configuration list for PBXProject "NavitiaSDKUI-Example" */ = {
			isa = XCConfigurationList;
			buildConfigurations = (
				F611215822B3E80300E2A5B8 /* Debug */,
				F611215922B3E80300E2A5B8 /* Release */,
			);
			defaultConfigurationIsVisible = 0;
			defaultConfigurationName = Release;
		};
		F611215A22B3E80300E2A5B8 /* Build configuration list for PBXNativeTarget "NavitiaSDKUI-Example" */ = {
			isa = XCConfigurationList;
			buildConfigurations = (
				F611215B22B3E80300E2A5B8 /* Debug */,
				F611215C22B3E80300E2A5B8 /* Release */,
			);
			defaultConfigurationIsVisible = 0;
			defaultConfigurationName = Release;
		};
/* End XCConfigurationList section */
	};
	rootObject = F611214022B3E80100E2A5B8 /* Project object */;
}
