// !$*UTF8*$!
{
	archiveVersion = 1;
	classes = {
	};
	objectVersion = 48;
	objects = {

/* Begin PBXBuildFile section */
		8451DA44206503F100CFA1E4 /* NavitiaSDKUI.framework in Frameworks */ = {isa = PBXBuildFile; fileRef = 8451DA3A206503F100CFA1E4 /* NavitiaSDKUI.framework */; };
		8451DA49206503F100CFA1E4 /* NavitiaSDKUITests.swift in Sources */ = {isa = PBXBuildFile; fileRef = 8451DA48206503F100CFA1E4 /* NavitiaSDKUITests.swift */; };
		8451DA4B206503F100CFA1E4 /* NavitiaSDKUI.h in Headers */ = {isa = PBXBuildFile; fileRef = 8451DA3D206503F100CFA1E4 /* NavitiaSDKUI.h */; settings = {ATTRIBUTES = (Public, ); }; };
		8451DA602065065E00CFA1E4 /* Images.xcassets in Resources */ = {isa = PBXBuildFile; fileRef = 8451DA5F2065065E00CFA1E4 /* Images.xcassets */; };
		8451DA63206506ED00CFA1E4 /* Localizable.strings in Resources */ = {isa = PBXBuildFile; fileRef = 8451DA65206506ED00CFA1E4 /* Localizable.strings */; };
		8451DAA620650C6900CFA1E4 /* JourneySolutionViewController.swift in Sources */ = {isa = PBXBuildFile; fileRef = 8451DAA520650C6900CFA1E4 /* JourneySolutionViewController.swift */; };
		8451DAA820650C7C00CFA1E4 /* JourneySolutionRidesharingViewController.swift in Sources */ = {isa = PBXBuildFile; fileRef = 8451DAA720650C7C00CFA1E4 /* JourneySolutionRidesharingViewController.swift */; };
		8451DAAA20650C9200CFA1E4 /* JourneySolutionRoadmapViewController.swift in Sources */ = {isa = PBXBuildFile; fileRef = 8451DAA920650C9200CFA1E4 /* JourneySolutionRoadmapViewController.swift */; };
		8451DAAC2065129E00CFA1E4 /* JourneySolutionRoadmapViewModel.swift in Sources */ = {isa = PBXBuildFile; fileRef = 8451DAAB2065129E00CFA1E4 /* JourneySolutionRoadmapViewModel.swift */; };
		8451DAAE206512B200CFA1E4 /* JourneySolutionRidesharingViewModel.swift in Sources */ = {isa = PBXBuildFile; fileRef = 8451DAAD206512B200CFA1E4 /* JourneySolutionRidesharingViewModel.swift */; };
		8451DAB0206512C100CFA1E4 /* JourneySolutionViewModel.swift in Sources */ = {isa = PBXBuildFile; fileRef = 8451DAAF206512C100CFA1E4 /* JourneySolutionViewModel.swift */; };
		8451DAB22065141C00CFA1E4 /* StringExtension.swift in Sources */ = {isa = PBXBuildFile; fileRef = 8451DAB12065141C00CFA1E4 /* StringExtension.swift */; };
		8451DAC12065326500CFA1E4 /* NavitiaSDK in Resources */ = {isa = PBXBuildFile; fileRef = 8451DAC02065326500CFA1E4 /* NavitiaSDK */; };
		8451DAC32065338B00CFA1E4 /* Journey.storyboard in Resources */ = {isa = PBXBuildFile; fileRef = 8451DAC22065338B00CFA1E4 /* Journey.storyboard */; };
		8451DAC62065374F00CFA1E4 /* NavitiaSDKUIConfig.swift in Sources */ = {isa = PBXBuildFile; fileRef = 8451DAC52065374F00CFA1E4 /* NavitiaSDKUIConfig.swift */; };
/* End PBXBuildFile section */

/* Begin PBXContainerItemProxy section */
		8451DA45206503F100CFA1E4 /* PBXContainerItemProxy */ = {
			isa = PBXContainerItemProxy;
			containerPortal = 8451DA31206503F100CFA1E4 /* Project object */;
			proxyType = 1;
			remoteGlobalIDString = 8451DA39206503F100CFA1E4;
			remoteInfo = NavitiaSDKUI;
		};
/* End PBXContainerItemProxy section */

/* Begin PBXFileReference section */
		8451DA3A206503F100CFA1E4 /* NavitiaSDKUI.framework */ = {isa = PBXFileReference; explicitFileType = wrapper.framework; includeInIndex = 0; path = NavitiaSDKUI.framework; sourceTree = BUILT_PRODUCTS_DIR; };
		8451DA3D206503F100CFA1E4 /* NavitiaSDKUI.h */ = {isa = PBXFileReference; lastKnownFileType = sourcecode.c.h; path = NavitiaSDKUI.h; sourceTree = "<group>"; };
		8451DA3E206503F100CFA1E4 /* Info.plist */ = {isa = PBXFileReference; lastKnownFileType = text.plist.xml; path = Info.plist; sourceTree = "<group>"; };
		8451DA43206503F100CFA1E4 /* NavitiaSDKUITests.xctest */ = {isa = PBXFileReference; explicitFileType = wrapper.cfbundle; includeInIndex = 0; path = NavitiaSDKUITests.xctest; sourceTree = BUILT_PRODUCTS_DIR; };
		8451DA48206503F100CFA1E4 /* NavitiaSDKUITests.swift */ = {isa = PBXFileReference; lastKnownFileType = sourcecode.swift; path = NavitiaSDKUITests.swift; sourceTree = "<group>"; };
		8451DA4A206503F100CFA1E4 /* Info.plist */ = {isa = PBXFileReference; lastKnownFileType = text.plist.xml; path = Info.plist; sourceTree = "<group>"; };
		8451DA5F2065065E00CFA1E4 /* Images.xcassets */ = {isa = PBXFileReference; lastKnownFileType = folder.assetcatalog; path = Images.xcassets; sourceTree = "<group>"; };
		8451DA64206506ED00CFA1E4 /* en */ = {isa = PBXFileReference; lastKnownFileType = text.plist.strings; name = en; path = en.lproj/Localizable.strings; sourceTree = "<group>"; };
		8451DA66206506FD00CFA1E4 /* fr */ = {isa = PBXFileReference; lastKnownFileType = text.plist.strings; name = fr; path = fr.lproj/Localizable.strings; sourceTree = "<group>"; };
		8451DAA520650C6900CFA1E4 /* JourneySolutionViewController.swift */ = {isa = PBXFileReference; lastKnownFileType = sourcecode.swift; path = JourneySolutionViewController.swift; sourceTree = "<group>"; };
		8451DAA720650C7C00CFA1E4 /* JourneySolutionRidesharingViewController.swift */ = {isa = PBXFileReference; lastKnownFileType = sourcecode.swift; path = JourneySolutionRidesharingViewController.swift; sourceTree = "<group>"; };
		8451DAA920650C9200CFA1E4 /* JourneySolutionRoadmapViewController.swift */ = {isa = PBXFileReference; lastKnownFileType = sourcecode.swift; path = JourneySolutionRoadmapViewController.swift; sourceTree = "<group>"; };
		8451DAAB2065129E00CFA1E4 /* JourneySolutionRoadmapViewModel.swift */ = {isa = PBXFileReference; lastKnownFileType = sourcecode.swift; path = JourneySolutionRoadmapViewModel.swift; sourceTree = "<group>"; };
		8451DAAD206512B200CFA1E4 /* JourneySolutionRidesharingViewModel.swift */ = {isa = PBXFileReference; lastKnownFileType = sourcecode.swift; path = JourneySolutionRidesharingViewModel.swift; sourceTree = "<group>"; };
		8451DAAF206512C100CFA1E4 /* JourneySolutionViewModel.swift */ = {isa = PBXFileReference; lastKnownFileType = sourcecode.swift; path = JourneySolutionViewModel.swift; sourceTree = "<group>"; };
		8451DAB12065141C00CFA1E4 /* StringExtension.swift */ = {isa = PBXFileReference; lastKnownFileType = sourcecode.swift; path = StringExtension.swift; sourceTree = "<group>"; };
		8451DAC02065326500CFA1E4 /* NavitiaSDK */ = {isa = PBXFileReference; lastKnownFileType = folder; path = NavitiaSDK; sourceTree = "<group>"; };
		8451DAC22065338B00CFA1E4 /* Journey.storyboard */ = {isa = PBXFileReference; lastKnownFileType = file.storyboard; path = Journey.storyboard; sourceTree = "<group>"; };
		8451DAC52065374F00CFA1E4 /* NavitiaSDKUIConfig.swift */ = {isa = PBXFileReference; lastKnownFileType = sourcecode.swift; path = NavitiaSDKUIConfig.swift; sourceTree = "<group>"; };
/* End PBXFileReference section */

/* Begin PBXFrameworksBuildPhase section */
		8451DA36206503F100CFA1E4 /* Frameworks */ = {
			isa = PBXFrameworksBuildPhase;
			buildActionMask = 2147483647;
			files = (
			);
			runOnlyForDeploymentPostprocessing = 0;
		};
		8451DA40206503F100CFA1E4 /* Frameworks */ = {
			isa = PBXFrameworksBuildPhase;
			buildActionMask = 2147483647;
			files = (
				8451DA44206503F100CFA1E4 /* NavitiaSDKUI.framework in Frameworks */,
			);
			runOnlyForDeploymentPostprocessing = 0;
		};
/* End PBXFrameworksBuildPhase section */

/* Begin PBXGroup section */
		8451DA30206503F100CFA1E4 = {
			isa = PBXGroup;
			children = (
				8451DA3C206503F100CFA1E4 /* NavitiaSDKUI */,
				8451DA47206503F100CFA1E4 /* NavitiaSDKUITests */,
				8451DA3B206503F100CFA1E4 /* Products */,
			);
			sourceTree = "<group>";
		};
		8451DA3B206503F100CFA1E4 /* Products */ = {
			isa = PBXGroup;
			children = (
				8451DA3A206503F100CFA1E4 /* NavitiaSDKUI.framework */,
				8451DA43206503F100CFA1E4 /* NavitiaSDKUITests.xctest */,
			);
			name = Products;
			sourceTree = "<group>";
		};
		8451DA3C206503F100CFA1E4 /* NavitiaSDKUI */ = {
			isa = PBXGroup;
			children = (
				8451DA3D206503F100CFA1E4 /* NavitiaSDKUI.h */,
				8451DAC52065374F00CFA1E4 /* NavitiaSDKUIConfig.swift */,
				8451DA3E206503F100CFA1E4 /* Info.plist */,
				8451DA54206505E200CFA1E4 /* Framedation */,
				8451DA55206505F200CFA1E4 /* Lib */,
				8451DA56206505F900CFA1E4 /* Storyboard */,
				8451DA57206505FF00CFA1E4 /* UI */,
				8451DA582065060600CFA1E4 /* Resources */,
			);
			path = NavitiaSDKUI;
			sourceTree = "<group>";
		};
		8451DA47206503F100CFA1E4 /* NavitiaSDKUITests */ = {
			isa = PBXGroup;
			children = (
				8451DA48206503F100CFA1E4 /* NavitiaSDKUITests.swift */,
				8451DA4A206503F100CFA1E4 /* Info.plist */,
			);
			path = NavitiaSDKUITests;
			sourceTree = "<group>";
		};
		8451DA54206505E200CFA1E4 /* Framedation */ = {
			isa = PBXGroup;
			children = (
				8451DA592065061900CFA1E4 /* Data */,
				8451DA5A2065061F00CFA1E4 /* Network */,
				8451DAB72065161100CFA1E4 /* Util */,
			);
			path = Framedation;
			sourceTree = "<group>";
		};
		8451DA55206505F200CFA1E4 /* Lib */ = {
			isa = PBXGroup;
			children = (
				8451DAC02065326500CFA1E4 /* NavitiaSDK */,
			);
			path = Lib;
			sourceTree = "<group>";
		};
		8451DA56206505F900CFA1E4 /* Storyboard */ = {
			isa = PBXGroup;
			children = (
				8451DAC22065338B00CFA1E4 /* Journey.storyboard */,
			);
			path = Storyboard;
			sourceTree = "<group>";
		};
		8451DA57206505FF00CFA1E4 /* UI */ = {
			isa = PBXGroup;
			children = (
				8451DAA320650C0700CFA1E4 /* JourneySolutionRoadmap */,
				8451DAA420650C1200CFA1E4 /* JourneySolutionRidesharing */,
				8451DAA220650BF200CFA1E4 /* JourneySolution */,
				8451DA5D2065063800CFA1E4 /* Common */,
				8451DA5C2065063300CFA1E4 /* Util */,
			);
			path = UI;
			sourceTree = "<group>";
		};
		8451DA582065060600CFA1E4 /* Resources */ = {
			isa = PBXGroup;
			children = (
				8451DA5E2065064700CFA1E4 /* Fonts */,
				8451DA5F2065065E00CFA1E4 /* Images.xcassets */,
				8451DA65206506ED00CFA1E4 /* Localizable.strings */,
			);
			path = Resources;
			sourceTree = "<group>";
		};
		8451DA592065061900CFA1E4 /* Data */ = {
			isa = PBXGroup;
			children = (
			);
			path = Data;
			sourceTree = "<group>";
		};
		8451DA5A2065061F00CFA1E4 /* Network */ = {
			isa = PBXGroup;
			children = (
			);
			path = Network;
			sourceTree = "<group>";
		};
		8451DA5B2065062300CFA1E4 /* Extension */ = {
			isa = PBXGroup;
			children = (
				8451DAB12065141C00CFA1E4 /* StringExtension.swift */,
			);
			path = Extension;
			sourceTree = "<group>";
		};
		8451DA5C2065063300CFA1E4 /* Util */ = {
			isa = PBXGroup;
			children = (
				8451DAB5206515FA00CFA1E4 /* Helper */,
				8451DAB6206515FF00CFA1E4 /* Extension */,
			);
			path = Util;
			sourceTree = "<group>";
		};
		8451DA5D2065063800CFA1E4 /* Common */ = {
			isa = PBXGroup;
			children = (
			);
			path = Common;
			sourceTree = "<group>";
		};
		8451DA5E2065064700CFA1E4 /* Fonts */ = {
			isa = PBXGroup;
			children = (
			);
			path = Fonts;
			sourceTree = "<group>";
		};
		8451DAA220650BF200CFA1E4 /* JourneySolution */ = {
			isa = PBXGroup;
			children = (
				8451DABA206516C500CFA1E4 /* View */,
				8451DABD2065176900CFA1E4 /* Interface */,
				8451DAA520650C6900CFA1E4 /* JourneySolutionViewController.swift */,
				8451DAAF206512C100CFA1E4 /* JourneySolutionViewModel.swift */,
			);
			path = JourneySolution;
			sourceTree = "<group>";
		};
		8451DAA320650C0700CFA1E4 /* JourneySolutionRoadmap */ = {
			isa = PBXGroup;
			children = (
				8451DAB8206516BC00CFA1E4 /* View */,
				8451DABB2065175000CFA1E4 /* Interface */,
				8451DAA920650C9200CFA1E4 /* JourneySolutionRoadmapViewController.swift */,
				8451DAAB2065129E00CFA1E4 /* JourneySolutionRoadmapViewModel.swift */,
			);
			path = JourneySolutionRoadmap;
			sourceTree = "<group>";
		};
		8451DAA420650C1200CFA1E4 /* JourneySolutionRidesharing */ = {
			isa = PBXGroup;
			children = (
				8451DAB9206516C000CFA1E4 /* View */,
				8451DABC2065175B00CFA1E4 /* Interface */,
				8451DAA720650C7C00CFA1E4 /* JourneySolutionRidesharingViewController.swift */,
				8451DAAD206512B200CFA1E4 /* JourneySolutionRidesharingViewModel.swift */,
			);
			path = JourneySolutionRidesharing;
			sourceTree = "<group>";
		};
		8451DAB32065157200CFA1E4 /* Helper */ = {
			isa = PBXGroup;
			children = (
			);
			path = Helper;
			sourceTree = "<group>";
		};
		8451DAB5206515FA00CFA1E4 /* Helper */ = {
			isa = PBXGroup;
			children = (
			);
			path = Helper;
			sourceTree = "<group>";
		};
		8451DAB6206515FF00CFA1E4 /* Extension */ = {
			isa = PBXGroup;
			children = (
			);
			path = Extension;
			sourceTree = "<group>";
		};
		8451DAB72065161100CFA1E4 /* Util */ = {
			isa = PBXGroup;
			children = (
				8451DAB32065157200CFA1E4 /* Helper */,
				8451DA5B2065062300CFA1E4 /* Extension */,
			);
			path = Util;
			sourceTree = "<group>";
		};
		8451DAB8206516BC00CFA1E4 /* View */ = {
			isa = PBXGroup;
			children = (
			);
			path = View;
			sourceTree = "<group>";
		};
		8451DAB9206516C000CFA1E4 /* View */ = {
			isa = PBXGroup;
			children = (
			);
			path = View;
			sourceTree = "<group>";
		};
		8451DABA206516C500CFA1E4 /* View */ = {
			isa = PBXGroup;
			children = (
			);
			path = View;
			sourceTree = "<group>";
		};
		8451DABB2065175000CFA1E4 /* Interface */ = {
			isa = PBXGroup;
			children = (
			);
			path = Interface;
			sourceTree = "<group>";
		};
		8451DABC2065175B00CFA1E4 /* Interface */ = {
			isa = PBXGroup;
			children = (
			);
			path = Interface;
			sourceTree = "<group>";
		};
		8451DABD2065176900CFA1E4 /* Interface */ = {
			isa = PBXGroup;
			children = (
			);
			path = Interface;
			sourceTree = "<group>";
		};
/* End PBXGroup section */

/* Begin PBXHeadersBuildPhase section */
		8451DA37206503F100CFA1E4 /* Headers */ = {
			isa = PBXHeadersBuildPhase;
			buildActionMask = 2147483647;
			files = (
				8451DA4B206503F100CFA1E4 /* NavitiaSDKUI.h in Headers */,
			);
			runOnlyForDeploymentPostprocessing = 0;
		};
/* End PBXHeadersBuildPhase section */

/* Begin PBXNativeTarget section */
		8451DA39206503F100CFA1E4 /* NavitiaSDKUI */ = {
			isa = PBXNativeTarget;
			buildConfigurationList = 8451DA4E206503F100CFA1E4 /* Build configuration list for PBXNativeTarget "NavitiaSDKUI" */;
			buildPhases = (
				8451DA35206503F100CFA1E4 /* Sources */,
				8451DA36206503F100CFA1E4 /* Frameworks */,
				8451DA37206503F100CFA1E4 /* Headers */,
				8451DA38206503F100CFA1E4 /* Resources */,
			);
			buildRules = (
			);
			dependencies = (
			);
			name = NavitiaSDKUI;
			productName = NavitiaSDKUI;
			productReference = 8451DA3A206503F100CFA1E4 /* NavitiaSDKUI.framework */;
			productType = "com.apple.product-type.framework";
		};
		8451DA42206503F100CFA1E4 /* NavitiaSDKUITests */ = {
			isa = PBXNativeTarget;
			buildConfigurationList = 8451DA51206503F100CFA1E4 /* Build configuration list for PBXNativeTarget "NavitiaSDKUITests" */;
			buildPhases = (
				8451DA3F206503F100CFA1E4 /* Sources */,
				8451DA40206503F100CFA1E4 /* Frameworks */,
				8451DA41206503F100CFA1E4 /* Resources */,
			);
			buildRules = (
			);
			dependencies = (
				8451DA46206503F100CFA1E4 /* PBXTargetDependency */,
			);
			name = NavitiaSDKUITests;
			productName = NavitiaSDKUITests;
			productReference = 8451DA43206503F100CFA1E4 /* NavitiaSDKUITests.xctest */;
			productType = "com.apple.product-type.bundle.unit-test";
		};
/* End PBXNativeTarget section */

/* Begin PBXProject section */
		8451DA31206503F100CFA1E4 /* Project object */ = {
			isa = PBXProject;
			attributes = {
				LastSwiftUpdateCheck = 0920;
				LastUpgradeCheck = 0920;
				ORGANIZATIONNAME = kisio;
				TargetAttributes = {
					8451DA39206503F100CFA1E4 = {
						CreatedOnToolsVersion = 9.2;
						LastSwiftMigration = 0920;
						ProvisioningStyle = Automatic;
					};
					8451DA42206503F100CFA1E4 = {
						CreatedOnToolsVersion = 9.2;
						ProvisioningStyle = Automatic;
					};
				};
			};
			buildConfigurationList = 8451DA34206503F100CFA1E4 /* Build configuration list for PBXProject "NavitiaSDKUI" */;
			compatibilityVersion = "Xcode 8.0";
			developmentRegion = en;
			hasScannedForEncodings = 0;
			knownRegions = (
				en,
				fr,
			);
			mainGroup = 8451DA30206503F100CFA1E4;
			productRefGroup = 8451DA3B206503F100CFA1E4 /* Products */;
			projectDirPath = "";
			projectRoot = "";
			targets = (
				8451DA39206503F100CFA1E4 /* NavitiaSDKUI */,
				8451DA42206503F100CFA1E4 /* NavitiaSDKUITests */,
			);
		};
/* End PBXProject section */

/* Begin PBXResourcesBuildPhase section */
		8451DA38206503F100CFA1E4 /* Resources */ = {
			isa = PBXResourcesBuildPhase;
			buildActionMask = 2147483647;
			files = (
				8451DAC12065326500CFA1E4 /* NavitiaSDK in Resources */,
				8451DAC32065338B00CFA1E4 /* Journey.storyboard in Resources */,
				8451DA602065065E00CFA1E4 /* Images.xcassets in Resources */,
				8451DA63206506ED00CFA1E4 /* Localizable.strings in Resources */,
			);
			runOnlyForDeploymentPostprocessing = 0;
		};
		8451DA41206503F100CFA1E4 /* Resources */ = {
			isa = PBXResourcesBuildPhase;
			buildActionMask = 2147483647;
			files = (
			);
			runOnlyForDeploymentPostprocessing = 0;
		};
/* End PBXResourcesBuildPhase section */

/* Begin PBXSourcesBuildPhase section */
		8451DA35206503F100CFA1E4 /* Sources */ = {
			isa = PBXSourcesBuildPhase;
			buildActionMask = 2147483647;
			files = (
				8451DAB0206512C100CFA1E4 /* JourneySolutionViewModel.swift in Sources */,
				8451DAB22065141C00CFA1E4 /* StringExtension.swift in Sources */,
				8451DAAE206512B200CFA1E4 /* JourneySolutionRidesharingViewModel.swift in Sources */,
				8451DAA620650C6900CFA1E4 /* JourneySolutionViewController.swift in Sources */,
				8451DAC62065374F00CFA1E4 /* NavitiaSDKUIConfig.swift in Sources */,
				8451DAAC2065129E00CFA1E4 /* JourneySolutionRoadmapViewModel.swift in Sources */,
				8451DAAA20650C9200CFA1E4 /* JourneySolutionRoadmapViewController.swift in Sources */,
				8451DAA820650C7C00CFA1E4 /* JourneySolutionRidesharingViewController.swift in Sources */,
			);
			runOnlyForDeploymentPostprocessing = 0;
		};
		8451DA3F206503F100CFA1E4 /* Sources */ = {
			isa = PBXSourcesBuildPhase;
			buildActionMask = 2147483647;
			files = (
				8451DA49206503F100CFA1E4 /* NavitiaSDKUITests.swift in Sources */,
			);
			runOnlyForDeploymentPostprocessing = 0;
		};
/* End PBXSourcesBuildPhase section */

/* Begin PBXTargetDependency section */
		8451DA46206503F100CFA1E4 /* PBXTargetDependency */ = {
			isa = PBXTargetDependency;
			target = 8451DA39206503F100CFA1E4 /* NavitiaSDKUI */;
			targetProxy = 8451DA45206503F100CFA1E4 /* PBXContainerItemProxy */;
		};
/* End PBXTargetDependency section */

/* Begin PBXVariantGroup section */
		8451DA65206506ED00CFA1E4 /* Localizable.strings */ = {
			isa = PBXVariantGroup;
			children = (
				8451DA64206506ED00CFA1E4 /* en */,
				8451DA66206506FD00CFA1E4 /* fr */,
			);
			name = Localizable.strings;
			sourceTree = "<group>";
		};
/* End PBXVariantGroup section */

/* Begin XCBuildConfiguration section */
		8451DA4C206503F100CFA1E4 /* Debug */ = {
			isa = XCBuildConfiguration;
			buildSettings = {
				ALWAYS_SEARCH_USER_PATHS = NO;
				CLANG_ANALYZER_LOCALIZABILITY_NONLOCALIZED = YES;
				CLANG_ANALYZER_NONNULL = YES;
				CLANG_ANALYZER_NUMBER_OBJECT_CONVERSION = YES_AGGRESSIVE;
				CLANG_CXX_LANGUAGE_STANDARD = "gnu++14";
				CLANG_CXX_LIBRARY = "libc++";
				CLANG_ENABLE_MODULES = YES;
				CLANG_ENABLE_OBJC_ARC = YES;
				CLANG_WARN_BLOCK_CAPTURE_AUTORELEASING = YES;
				CLANG_WARN_BOOL_CONVERSION = YES;
				CLANG_WARN_COMMA = YES;
				CLANG_WARN_CONSTANT_CONVERSION = YES;
				CLANG_WARN_DIRECT_OBJC_ISA_USAGE = YES_ERROR;
				CLANG_WARN_DOCUMENTATION_COMMENTS = YES;
				CLANG_WARN_EMPTY_BODY = YES;
				CLANG_WARN_ENUM_CONVERSION = YES;
				CLANG_WARN_INFINITE_RECURSION = YES;
				CLANG_WARN_INT_CONVERSION = YES;
				CLANG_WARN_NON_LITERAL_NULL_CONVERSION = YES;
				CLANG_WARN_OBJC_LITERAL_CONVERSION = YES;
				CLANG_WARN_OBJC_ROOT_CLASS = YES_ERROR;
				CLANG_WARN_RANGE_LOOP_ANALYSIS = YES;
				CLANG_WARN_STRICT_PROTOTYPES = YES;
				CLANG_WARN_SUSPICIOUS_MOVE = YES;
				CLANG_WARN_UNGUARDED_AVAILABILITY = YES_AGGRESSIVE;
				CLANG_WARN_UNREACHABLE_CODE = YES;
				CLANG_WARN__DUPLICATE_METHOD_MATCH = YES;
				CODE_SIGN_IDENTITY = "iPhone Developer";
				COPY_PHASE_STRIP = NO;
				CURRENT_PROJECT_VERSION = 1;
				DEBUG_INFORMATION_FORMAT = dwarf;
				ENABLE_STRICT_OBJC_MSGSEND = YES;
				ENABLE_TESTABILITY = YES;
				GCC_C_LANGUAGE_STANDARD = gnu11;
				GCC_DYNAMIC_NO_PIC = NO;
				GCC_NO_COMMON_BLOCKS = YES;
				GCC_OPTIMIZATION_LEVEL = 0;
				GCC_PREPROCESSOR_DEFINITIONS = (
					"DEBUG=1",
					"$(inherited)",
				);
				GCC_WARN_64_TO_32_BIT_CONVERSION = YES;
				GCC_WARN_ABOUT_RETURN_TYPE = YES_ERROR;
				GCC_WARN_UNDECLARED_SELECTOR = YES;
				GCC_WARN_UNINITIALIZED_AUTOS = YES_AGGRESSIVE;
				GCC_WARN_UNUSED_FUNCTION = YES;
				GCC_WARN_UNUSED_VARIABLE = YES;
				IPHONEOS_DEPLOYMENT_TARGET = 11.2;
				MTL_ENABLE_DEBUG_INFO = YES;
				ONLY_ACTIVE_ARCH = YES;
				SDKROOT = iphoneos;
				SWIFT_ACTIVE_COMPILATION_CONDITIONS = DEBUG;
				SWIFT_OPTIMIZATION_LEVEL = "-Onone";
				VERSIONING_SYSTEM = "apple-generic";
				VERSION_INFO_PREFIX = "";
			};
			name = Debug;
		};
		8451DA4D206503F100CFA1E4 /* Release */ = {
			isa = XCBuildConfiguration;
			buildSettings = {
				ALWAYS_SEARCH_USER_PATHS = NO;
				CLANG_ANALYZER_LOCALIZABILITY_NONLOCALIZED = YES;
				CLANG_ANALYZER_NONNULL = YES;
				CLANG_ANALYZER_NUMBER_OBJECT_CONVERSION = YES_AGGRESSIVE;
				CLANG_CXX_LANGUAGE_STANDARD = "gnu++14";
				CLANG_CXX_LIBRARY = "libc++";
				CLANG_ENABLE_MODULES = YES;
				CLANG_ENABLE_OBJC_ARC = YES;
				CLANG_WARN_BLOCK_CAPTURE_AUTORELEASING = YES;
				CLANG_WARN_BOOL_CONVERSION = YES;
				CLANG_WARN_COMMA = YES;
				CLANG_WARN_CONSTANT_CONVERSION = YES;
				CLANG_WARN_DIRECT_OBJC_ISA_USAGE = YES_ERROR;
				CLANG_WARN_DOCUMENTATION_COMMENTS = YES;
				CLANG_WARN_EMPTY_BODY = YES;
				CLANG_WARN_ENUM_CONVERSION = YES;
				CLANG_WARN_INFINITE_RECURSION = YES;
				CLANG_WARN_INT_CONVERSION = YES;
				CLANG_WARN_NON_LITERAL_NULL_CONVERSION = YES;
				CLANG_WARN_OBJC_LITERAL_CONVERSION = YES;
				CLANG_WARN_OBJC_ROOT_CLASS = YES_ERROR;
				CLANG_WARN_RANGE_LOOP_ANALYSIS = YES;
				CLANG_WARN_STRICT_PROTOTYPES = YES;
				CLANG_WARN_SUSPICIOUS_MOVE = YES;
				CLANG_WARN_UNGUARDED_AVAILABILITY = YES_AGGRESSIVE;
				CLANG_WARN_UNREACHABLE_CODE = YES;
				CLANG_WARN__DUPLICATE_METHOD_MATCH = YES;
				CODE_SIGN_IDENTITY = "iPhone Developer";
				COPY_PHASE_STRIP = NO;
				CURRENT_PROJECT_VERSION = 1;
				DEBUG_INFORMATION_FORMAT = "dwarf-with-dsym";
				ENABLE_NS_ASSERTIONS = NO;
				ENABLE_STRICT_OBJC_MSGSEND = YES;
				GCC_C_LANGUAGE_STANDARD = gnu11;
				GCC_NO_COMMON_BLOCKS = YES;
				GCC_WARN_64_TO_32_BIT_CONVERSION = YES;
				GCC_WARN_ABOUT_RETURN_TYPE = YES_ERROR;
				GCC_WARN_UNDECLARED_SELECTOR = YES;
				GCC_WARN_UNINITIALIZED_AUTOS = YES_AGGRESSIVE;
				GCC_WARN_UNUSED_FUNCTION = YES;
				GCC_WARN_UNUSED_VARIABLE = YES;
				IPHONEOS_DEPLOYMENT_TARGET = 11.2;
				MTL_ENABLE_DEBUG_INFO = NO;
				SDKROOT = iphoneos;
				SWIFT_OPTIMIZATION_LEVEL = "-Owholemodule";
				VALIDATE_PRODUCT = YES;
				VERSIONING_SYSTEM = "apple-generic";
				VERSION_INFO_PREFIX = "";
			};
			name = Release;
		};
		8451DA4F206503F100CFA1E4 /* Debug */ = {
			isa = XCBuildConfiguration;
			buildSettings = {
				CLANG_ENABLE_MODULES = YES;
				CODE_SIGN_IDENTITY = "";
				CODE_SIGN_STYLE = Automatic;
				DEFINES_MODULE = YES;
				DYLIB_COMPATIBILITY_VERSION = 1;
				DYLIB_CURRENT_VERSION = 1;
				DYLIB_INSTALL_NAME_BASE = "@rpath";
				INFOPLIST_FILE = NavitiaSDKUI/Info.plist;
				INSTALL_PATH = "$(LOCAL_LIBRARY_DIR)/Frameworks";
				IPHONEOS_DEPLOYMENT_TARGET = 9.0;
				LD_RUNPATH_SEARCH_PATHS = "$(inherited) @executable_path/Frameworks @loader_path/Frameworks";
				PRODUCT_BUNDLE_IDENTIFIER = org.kisio.NavitiaSDKUI;
				PRODUCT_NAME = "$(TARGET_NAME:c99extidentifier)";
				SKIP_INSTALL = YES;
				SWIFT_OPTIMIZATION_LEVEL = "-Onone";
				SWIFT_VERSION = 4.0;
				TARGETED_DEVICE_FAMILY = "1,2";
			};
			name = Debug;
		};
		8451DA50206503F100CFA1E4 /* Release */ = {
			isa = XCBuildConfiguration;
			buildSettings = {
				CLANG_ENABLE_MODULES = YES;
				CODE_SIGN_IDENTITY = "";
				CODE_SIGN_STYLE = Automatic;
				DEFINES_MODULE = YES;
				DYLIB_COMPATIBILITY_VERSION = 1;
				DYLIB_CURRENT_VERSION = 1;
				DYLIB_INSTALL_NAME_BASE = "@rpath";
				INFOPLIST_FILE = NavitiaSDKUI/Info.plist;
				INSTALL_PATH = "$(LOCAL_LIBRARY_DIR)/Frameworks";
				IPHONEOS_DEPLOYMENT_TARGET = 9.0;
				LD_RUNPATH_SEARCH_PATHS = "$(inherited) @executable_path/Frameworks @loader_path/Frameworks";
				PRODUCT_BUNDLE_IDENTIFIER = org.kisio.NavitiaSDKUI;
				PRODUCT_NAME = "$(TARGET_NAME:c99extidentifier)";
				SKIP_INSTALL = YES;
				SWIFT_VERSION = 4.0;
				TARGETED_DEVICE_FAMILY = "1,2";
			};
			name = Release;
		};
		8451DA52206503F100CFA1E4 /* Debug */ = {
			isa = XCBuildConfiguration;
			buildSettings = {
				ALWAYS_EMBED_SWIFT_STANDARD_LIBRARIES = YES;
				CODE_SIGN_STYLE = Automatic;
				INFOPLIST_FILE = NavitiaSDKUITests/Info.plist;
				LD_RUNPATH_SEARCH_PATHS = "$(inherited) @executable_path/Frameworks @loader_path/Frameworks";
				PRODUCT_BUNDLE_IDENTIFIER = org.kisio.NavitiaSDKUITests;
				PRODUCT_NAME = "$(TARGET_NAME)";
				SWIFT_VERSION = 4.0;
				TARGETED_DEVICE_FAMILY = "1,2";
			};
			name = Debug;
		};
		8451DA53206503F100CFA1E4 /* Release */ = {
			isa = XCBuildConfiguration;
			buildSettings = {
				ALWAYS_EMBED_SWIFT_STANDARD_LIBRARIES = YES;
				CODE_SIGN_STYLE = Automatic;
				INFOPLIST_FILE = NavitiaSDKUITests/Info.plist;
				LD_RUNPATH_SEARCH_PATHS = "$(inherited) @executable_path/Frameworks @loader_path/Frameworks";
				PRODUCT_BUNDLE_IDENTIFIER = org.kisio.NavitiaSDKUITests;
				PRODUCT_NAME = "$(TARGET_NAME)";
				SWIFT_VERSION = 4.0;
				TARGETED_DEVICE_FAMILY = "1,2";
			};
			name = Release;
		};
/* End XCBuildConfiguration section */

/* Begin XCConfigurationList section */
		8451DA34206503F100CFA1E4 /* Build configuration list for PBXProject "NavitiaSDKUI" */ = {
			isa = XCConfigurationList;
			buildConfigurations = (
				8451DA4C206503F100CFA1E4 /* Debug */,
				8451DA4D206503F100CFA1E4 /* Release */,
			);
			defaultConfigurationIsVisible = 0;
			defaultConfigurationName = Release;
		};
		8451DA4E206503F100CFA1E4 /* Build configuration list for PBXNativeTarget "NavitiaSDKUI" */ = {
			isa = XCConfigurationList;
			buildConfigurations = (
				8451DA4F206503F100CFA1E4 /* Debug */,
				8451DA50206503F100CFA1E4 /* Release */,
			);
			defaultConfigurationIsVisible = 0;
			defaultConfigurationName = Release;
		};
		8451DA51206503F100CFA1E4 /* Build configuration list for PBXNativeTarget "NavitiaSDKUITests" */ = {
			isa = XCConfigurationList;
			buildConfigurations = (
				8451DA52206503F100CFA1E4 /* Debug */,
				8451DA53206503F100CFA1E4 /* Release */,
			);
			defaultConfigurationIsVisible = 0;
			defaultConfigurationName = Release;
		};
/* End XCConfigurationList section */
	};
	rootObject = 8451DA31206503F100CFA1E4 /* Project object */;
}
